
Microsoft Visual Studio Solution File, Format Version 12.00
# Visual Studio Version 17
VisualStudioVersion = 17.5.33516.290
MinimumVisualStudioVersion = 10.0.40219.1
Project("{FAE04EC0-301F-11D3-BF4B-00C04F79EFBC}") = "M05_UF3_EntregaP4_DesignAndCode", "M05_UF3_EntregaP4_DesignAndCode.csproj", "{77AB25BB-0088-4C14-8F4B-72CA795F0E1B}"
EndProject
Global
	GlobalSection(SolutionConfigurationPlatforms) = preSolution
		Debug|Any CPU = Debug|Any CPU
		Release|Any CPU = Release|Any CPU
	EndGlobalSection
	GlobalSection(ProjectConfigurationPlatforms) = postSolution
		{77AB25BB-0088-4C14-8F4B-72CA795F0E1B}.Debug|Any CPU.ActiveCfg = Debug|Any CPU
		{77AB25BB-0088-4C14-8F4B-72CA795F0E1B}.Debug|Any CPU.Build.0 = Debug|Any CPU
		{77AB25BB-0088-4C14-8F4B-72CA795F0E1B}.Release|Any CPU.ActiveCfg = Release|Any CPU
		{77AB25BB-0088-4C14-8F4B-72CA795F0E1B}.Release|Any CPU.Build.0 = Release|Any CPU
	EndGlobalSection
	GlobalSection(SolutionProperties) = preSolution
		HideSolutionNode = FALSE
	EndGlobalSection
	GlobalSection(ExtensibilityGlobals) = postSolution
		SolutionGuid = {FD39D1E9-78AD-4128-A244-97BD786EF07B}
	EndGlobalSection
EndGlobal
